
Microsoft Visual Studio Solution File, Format Version 12.00
# Visual Studio Version 16
VisualStudioVersion = 16.0.34601.136
MinimumVisualStudioVersion = 10.0.40219.1
Project("{2150E333-8FDC-42A3-9474-1A3956D46DE8}") = "Basic Syntax, Conditional Statements and Loops - Lab", "Basic Syntax, Conditional Statements and Loops - Lab", "{3F85CCFF-718E-462A-972E-91B048A8774B}"
EndProject
Project("{FAE04EC0-301F-11D3-BF4B-00C04F79EFBC}") = "01. Student Information", "01. Student Information\01. Student Information.csproj", "{CDA00AE7-9BED-4500-A47C-740FAC1D00B0}"
EndProject
Global
	GlobalSection(SolutionConfigurationPlatforms) = preSolution
		Debug|Any CPU = Debug|Any CPU
		Release|Any CPU = Release|Any CPU
	EndGlobalSection
	GlobalSection(ProjectConfigurationPlatforms) = postSolution
		{CDA00AE7-9BED-4500-A47C-740FAC1D00B0}.Debug|Any CPU.ActiveCfg = Debug|Any CPU
		{CDA00AE7-9BED-4500-A47C-740FAC1D00B0}.Debug|Any CPU.Build.0 = Debug|Any CPU
		{CDA00AE7-9BED-4500-A47C-740FAC1D00B0}.Release|Any CPU.ActiveCfg = Release|Any CPU
		{CDA00AE7-9BED-4500-A47C-740FAC1D00B0}.Release|Any CPU.Build.0 = Release|Any CPU
	EndGlobalSection
	GlobalSection(SolutionProperties) = preSolution
		HideSolutionNode = FALSE
	EndGlobalSection
	GlobalSection(NestedProjects) = preSolution
		{CDA00AE7-9BED-4500-A47C-740FAC1D00B0} = {3F85CCFF-718E-462A-972E-91B048A8774B}
	EndGlobalSection
	GlobalSection(ExtensibilityGlobals) = postSolution
		SolutionGuid = {F4CA4AC4-3C2F-4739-B58A-1ABBDE4D3BC7}
	EndGlobalSection
EndGlobal
