
Microsoft Visual Studio Solution File, Format Version 12.00
# Visual Studio Version 16
VisualStudioVersion = 16.0.34601.136
MinimumVisualStudioVersion = 10.0.40219.1
Project("{2150E333-8FDC-42A3-9474-1A3956D46DE8}") = "1 Basic Syntax, Conditional Statements and Loops - Lab", "1 Basic Syntax, Conditional Statements and Loops - Lab", "{3F85CCFF-718E-462A-972E-91B048A8774B}"
EndProject
Project("{FAE04EC0-301F-11D3-BF4B-00C04F79EFBC}") = "03. Passed or Failed", "Basic Syntax, Conditional Statements and Loops - Lab\03. Passed or Failed\03. Passed or Failed.csproj", "{F7329D5B-85A7-431B-94CF-7FE51EAB5C31}"
EndProject
Project("{FAE04EC0-301F-11D3-BF4B-00C04F79EFBC}") = "02. Passed", "Basic Syntax, Conditional Statements and Loops - Lab\02. Passed\02. Passed.csproj", "{FD9578CC-3598-4E95-B34C-0A1D498934C4}"
EndProject
Project("{FAE04EC0-301F-11D3-BF4B-00C04F79EFBC}") = "01. Student Information", "Basic Syntax, Conditional Statements and Loops - Lab\01. Student Information\01. Student Information.csproj", "{23C7DBC7-6551-4FEE-B000-CE2CFE08AC0F}"
EndProject
Project("{FAE04EC0-301F-11D3-BF4B-00C04F79EFBC}") = "00. Broken Code for Refactoring", "Basic Syntax, Conditional Statements and Loops - Lab\00. Broken Code for Refactoring\00. Broken Code for Refactoring.csproj", "{B63D2994-2217-40EF-840A-FE7BF038F5DE}"
EndProject
Project("{FAE04EC0-301F-11D3-BF4B-00C04F79EFBC}") = "00. Broken Code refactor try", "Basic Syntax, Conditional Statements and Loops - Lab\00. Broken Code refactor try\00. Broken Code refactor try.csproj", "{5AA254AE-1DD8-47E9-AD8B-D502696CD992}"
EndProject
Project("{FAE04EC0-301F-11D3-BF4B-00C04F79EFBC}") = "04. Back In 30 Minutes", "04. Back In 30 Minutes\04. Back In 30 Minutes.csproj", "{C1B76608-C884-4169-B73B-9445B198F365}"
EndProject
Project("{FAE04EC0-301F-11D3-BF4B-00C04F79EFBC}") = "05. Month Printer", "05. Month Printer\05. Month Printer.csproj", "{72297F01-E591-4213-B491-8B477D071500}"
EndProject
Project("{FAE04EC0-301F-11D3-BF4B-00C04F79EFBC}") = "06. Foreign Languages", "06. Foreign Languages\06. Foreign Languages.csproj", "{D7955973-852B-44C2-A846-98CAA579A435}"
EndProject
Project("{FAE04EC0-301F-11D3-BF4B-00C04F79EFBC}") = "07. Theatre Promotion", "07. Theatre Promotion\07. Theatre Promotion.csproj", "{7621674C-6AD9-4663-A122-1F71ECC545CB}"
EndProject
Project("{FAE04EC0-301F-11D3-BF4B-00C04F79EFBC}") = "08. Divisible by 3", "08. Divisible by 3\08. Divisible by 3.csproj", "{03CE5A6F-347F-4DD0-8701-2A1B2D1E5E8C}"
EndProject
Project("{FAE04EC0-301F-11D3-BF4B-00C04F79EFBC}") = "07. Theatre Promotion 2", "07. Theatre Promotion 2\07. Theatre Promotion 2.csproj", "{A4EC8228-0A36-474C-9914-31697FC0BD39}"
EndProject
Project("{FAE04EC0-301F-11D3-BF4B-00C04F79EFBC}") = "09. Sum of Odd Numbers", "09. Sum of Odd Numbers\09. Sum of Odd Numbers.csproj", "{58CD025E-0AE2-48E6-9E0A-20E4970B1579}"
EndProject
Project("{FAE04EC0-301F-11D3-BF4B-00C04F79EFBC}") = "10. Multiplication Table", "10. Multiplication Table\10. Multiplication Table.csproj", "{0428C786-39EA-4315-B63F-A2DC6F1D3BC2}"
EndProject
Project("{FAE04EC0-301F-11D3-BF4B-00C04F79EFBC}") = "11. Multiplication Table 2.0", "11. Multiplication Table 2.0\11. Multiplication Table 2.0.csproj", "{C964E61A-31C4-4716-B681-76D68CFAC44E}"
EndProject
Project("{FAE04EC0-301F-11D3-BF4B-00C04F79EFBC}") = "12. Even Number", "12. Even Number\12. Even Number.csproj", "{D7ECA26F-9F2D-461C-9F3F-AEF420052F4D}"
EndProject
Project("{FAE04EC0-301F-11D3-BF4B-00C04F79EFBC}") = "13. Holidays Between Two Dates", "13. Holidays Between Two Dates\13. Holidays Between Two Dates.csproj", "{5EAC6DA7-66BB-45EC-9D63-8C8764AC7463}"
EndProject
Project("{2150E333-8FDC-42A3-9474-1A3956D46DE8}") = "2 Basic Syntax, Conditional Statements and Loops - Exercise", "2 Basic Syntax, Conditional Statements and Loops - Exercise", "{19A77756-B928-41D6-9532-EF2CCB022137}"
EndProject
Project("{FAE04EC0-301F-11D3-BF4B-00C04F79EFBC}") = "01. Ages", "01. Ages\01. Ages.csproj", "{D9AAF74A-07C0-48C1-87C1-BB11B602ABC0}"
EndProject
Project("{FAE04EC0-301F-11D3-BF4B-00C04F79EFBC}") = "02. Division", "02. Division\02. Division.csproj", "{D1886B6A-BCAE-455F-AFD3-7338921C4EBA}"
EndProject
Project("{FAE04EC0-301F-11D3-BF4B-00C04F79EFBC}") = "02. Division 2", "02. Division 2\02. Division 2.csproj", "{0832D94B-D4F1-4689-832B-A0ED30650FC7}"
EndProject
Project("{FAE04EC0-301F-11D3-BF4B-00C04F79EFBC}") = "03. Vacation", "03. Vacation\03. Vacation.csproj", "{F8FF7997-EDBF-46D9-B490-02A725D16184}"
EndProject
Project("{FAE04EC0-301F-11D3-BF4B-00C04F79EFBC}") = "04. Print and sum", "04. Print and sum\04. Print and sum.csproj", "{84FDC00A-ED80-4B8B-B480-AEF44EA6E324}"
EndProject
Project("{FAE04EC0-301F-11D3-BF4B-00C04F79EFBC}") = "05. Login", "05. Login\05. Login.csproj", "{9FB90059-4609-4313-8D22-2CC87DBFA2DD}"
EndProject
Project("{FAE04EC0-301F-11D3-BF4B-00C04F79EFBC}") = "06. Strong Number", "6. Strong Number\06. Strong Number.csproj", "{25405897-4D1F-423F-899E-5611479E52CB}"
EndProject
Project("{FAE04EC0-301F-11D3-BF4B-00C04F79EFBC}") = "07. Vending Machine", "07. Vending Machine\07. Vending Machine.csproj", "{4EF91F67-3CB9-4D66-9E04-ECD846EA5320}"
EndProject
Project("{FAE04EC0-301F-11D3-BF4B-00C04F79EFBC}") = "08. Triangle of Numbers", "08. Triangle of Numbers\08. Triangle of Numbers.csproj", "{D59B46D7-472F-4992-89BB-2D29EF167096}"
EndProject
Project("{FAE04EC0-301F-11D3-BF4B-00C04F79EFBC}") = "09. Padawan Equipment", "09. Padawan Equipment\09. Padawan Equipment.csproj", "{35C43FD7-C7DB-48BF-85DF-FD3F03525AE2}"
EndProject
Project("{FAE04EC0-301F-11D3-BF4B-00C04F79EFBC}") = "10. Rage Expenses", "10. Rage Expenses\10. Rage Expenses.csproj", "{92DCAA0C-31FC-4272-82B6-79AAE5532086}"
EndProject
Project("{FAE04EC0-301F-11D3-BF4B-00C04F79EFBC}") = "11. Orders", "11. Orders\11. Orders.csproj", "{72B8DE84-C77A-4767-A6E6-F93DED2B94FF}"
EndProject
Project("{2150E333-8FDC-42A3-9474-1A3956D46DE8}") = "3 Basic Syntax, Conditional Statements and Loops - More Exercise", "3 Basic Syntax, Conditional Statements and Loops - More Exercise", "{11B6F316-CF34-4F37-A27C-15AE6B211E0B}"
EndProject
Project("{FAE04EC0-301F-11D3-BF4B-00C04F79EFBC}") = "01. Sort Numbers", "01. Sort Numbers\01. Sort Numbers.csproj", "{017F56FF-BA46-40B0-903B-26592AF7326E}"
EndProject
Project("{FAE04EC0-301F-11D3-BF4B-00C04F79EFBC}") = "01. Sort Numbers 2", "01. Sort Numbers 2\01. Sort Numbers 2.csproj", "{5E3B6B0B-2937-4400-9184-8FA1C4A93BEF}"
EndProject
Project("{FAE04EC0-301F-11D3-BF4B-00C04F79EFBC}") = "02. English Name of the Last Digit", "02. English Name of the Last Digit\02. English Name of the Last Digit.csproj", "{F6D33587-6B0F-4CB2-9788-46502517787C}"
EndProject
Project("{FAE04EC0-301F-11D3-BF4B-00C04F79EFBC}") = "03. Gaming Store", "03. Gaming Store\03. Gaming Store.csproj", "{55CB6AB0-7D9E-46E5-9C0A-B35D296A426B}"
EndProject
Project("{FAE04EC0-301F-11D3-BF4B-00C04F79EFBC}") = "04. Reverse String", "04. Reverse String\04. Reverse String.csproj", "{A73C7A31-CE15-4CE5-94CF-3C61FD4EAFED}"
EndProject
Project("{FAE04EC0-301F-11D3-BF4B-00C04F79EFBC}") = "05. Messages", "05. Messages\05. Messages.csproj", "{B00E2216-A656-4B10-8185-53D83212EE4D}"
EndProject
Project("{FAE04EC0-301F-11D3-BF4B-00C04F79EFBC}") = "05. Messages 2", "05. Messages 2\05. Messages 2.csproj", "{01D99FB1-EF33-48A1-B40D-4C8C34CE324E}"
EndProject
Project("{2150E333-8FDC-42A3-9474-1A3956D46DE8}") = "4 Data Types and Variables - Lab", "4 Data Types and Variables - Lab", "{8F2E78E2-2A69-4078-B1D6-52084CA85171}"
EndProject
Project("{FAE04EC0-301F-11D3-BF4B-00C04F79EFBC}") = "01. Convert Meters to Kilometers", "01. Convert Meters to Kilometers\01. Convert Meters to Kilometers.csproj", "{04DA044C-5A0C-47DB-A243-81E5DD6FDB8E}"
EndProject
Project("{FAE04EC0-301F-11D3-BF4B-00C04F79EFBC}") = "02.PoundsToDollars", "02. Pounds to Dollars\02.PoundsToDollars.csproj", "{66516F08-440E-4FF8-A5F7-0373D8F672D0}"
EndProject
Project("{FAE04EC0-301F-11D3-BF4B-00C04F79EFBC}") = "03.ExactSumOfRealNumbers", "03. Exact Sum of Real Numbers\03.ExactSumOfRealNumbers.csproj", "{61EE8493-556F-49E4-80A0-F0E239B20DD9}"
EndProject
Project("{FAE04EC0-301F-11D3-BF4B-00C04F79EFBC}") = "04.CenturiesToMinutes", "04.CenturiesToMinutes\04.CenturiesToMinutes.csproj", "{8179A070-3B3F-4BCB-BD31-25E79B14BE17}"
EndProject
Project("{FAE04EC0-301F-11D3-BF4B-00C04F79EFBC}") = "05.SpecialNumbers", "05.SpecialNumbers\05.SpecialNumbers.csproj", "{4C10898E-111E-43EC-9982-0567E354B003}"
EndProject
Project("{FAE04EC0-301F-11D3-BF4B-00C04F79EFBC}") = "06.ReversedChars", "06.ReversedChars\06.ReversedChars.csproj", "{458BE905-B0A4-48B1-ACD1-71C01FA338A6}"
EndProject
Project("{FAE04EC0-301F-11D3-BF4B-00C04F79EFBC}") = "06.ReversedChars2", "06.ReversedChars2\06.ReversedChars2.csproj", "{D57D4B65-1070-4449-BF39-982A83DA7080}"
EndProject
Project("{FAE04EC0-301F-11D3-BF4B-00C04F79EFBC}") = "06.ReversedChars3", "06.ReversedChars3\06.ReversedChars3.csproj", "{23A770E3-A9BC-4020-8F4C-20447735BB1D}"
EndProject
Project("{FAE04EC0-301F-11D3-BF4B-00C04F79EFBC}") = "06.ReversedChars4", "06.ReversedChars4\06.ReversedChars4.csproj", "{CA883F2B-1DB0-4A50-A138-EF6BC0456253}"
EndProject
Project("{FAE04EC0-301F-11D3-BF4B-00C04F79EFBC}") = "07.ConcatNames", "07.ConcatNames\07.ConcatNames.csproj", "{D1140FB0-BDC9-4926-9CD1-15ECB52F1DE2}"
EndProject
Project("{FAE04EC0-301F-11D3-BF4B-00C04F79EFBC}") = "08.TownInfo", "08.TownInfo\08.TownInfo.csproj", "{2B171D71-FBB1-4EB3-9907-A2E59F75951C}"
EndProject
Project("{FAE04EC0-301F-11D3-BF4B-00C04F79EFBC}") = "09.CharsToString", "09.CharsToString\09.CharsToString.csproj", "{21A8C46D-3599-4E11-801F-8A235155A5FD}"
EndProject
Project("{FAE04EC0-301F-11D3-BF4B-00C04F79EFBC}") = "10.LowerOrUpper", "10.LowerOrUpper\10.LowerOrUpper.csproj", "{55E804EC-9466-4DBB-9CA1-0DF3866BCA6F}"
EndProject
Project("{FAE04EC0-301F-11D3-BF4B-00C04F79EFBC}") = "11.RefactorVolumeOfPyramid", "11.RefactorVolumeOfPyramid\11.RefactorVolumeOfPyramid.csproj", "{451C26B8-ADCC-497A-8E45-899975D3F44F}"
EndProject
Project("{FAE04EC0-301F-11D3-BF4B-00C04F79EFBC}") = "12.RefactorSpecialNumbers", "12.RefactorSpecialNumbers\12.RefactorSpecialNumbers.csproj", "{7062623F-43A7-48FA-B58D-44F930CF5EB7}"
EndProject
Project("{2150E333-8FDC-42A3-9474-1A3956D46DE8}") = "5 Data Types and Variables - Exercise", "5 Data Types and Variables - Exercise", "{945C7CD5-C246-419F-9CD0-ECA49AE8A8B0}"
EndProject
Project("{FAE04EC0-301F-11D3-BF4B-00C04F79EFBC}") = "01.IntegerOperations", "01.IntegerOperations\01.IntegerOperations.csproj", "{1F12E5CE-619B-4125-9D9B-9472530C0903}"
EndProject
Project("{FAE04EC0-301F-11D3-BF4B-00C04F79EFBC}") = "02.SumDigits", "02. Sum Digits\02.SumDigits.csproj", "{DE32073E-95D7-4BFD-AF67-FDB104166CB0}"
EndProject
Project("{FAE04EC0-301F-11D3-BF4B-00C04F79EFBC}") = "03.Elevator", "03.Elevator\03.Elevator.csproj", "{D11B73B6-C731-449E-84DB-49B2E38116FB}"
EndProject
Project("{FAE04EC0-301F-11D3-BF4B-00C04F79EFBC}") = "03.Elevator2", "03.Elevator2\03.Elevator2.csproj", "{FFF7E3CB-BD04-4E4F-A7B3-C1FC5B0CF9A1}"
EndProject
Project("{FAE04EC0-301F-11D3-BF4B-00C04F79EFBC}") = "05.PrintPartOfASCIITable", "05.PrintPartOfASCIITable\05.PrintPartOfASCIITable.csproj", "{AF2EEEBD-8644-416C-B282-3AA7BD3DA3AD}"
EndProject
Project("{FAE04EC0-301F-11D3-BF4B-00C04F79EFBC}") = "04.SumOfChars", "04.SumOfChars\04.SumOfChars.csproj", "{2F637D38-E6AF-428A-8945-E3237958D09E}"
EndProject
Project("{FAE04EC0-301F-11D3-BF4B-00C04F79EFBC}") = "06.TriplesOfLatinLetters", "06.TriplesOfLatinLetters\06.TriplesOfLatinLetters.csproj", "{EED56D95-806F-495C-9A4E-2EA832B726B7}"
EndProject
Project("{FAE04EC0-301F-11D3-BF4B-00C04F79EFBC}") = "07.WaterOverflow", "07.WaterOverflow\07.WaterOverflow.csproj", "{CB9FCD4E-6026-4474-AB61-E5BAE5D7CD01}"
EndProject
Project("{FAE04EC0-301F-11D3-BF4B-00C04F79EFBC}") = "03.ElevatorFixOutput", "03.ElevatorFixOutput\03.ElevatorFixOutput.csproj", "{D6F59E2C-812C-4364-A0EA-E6DB471A00F3}"
EndProject
Project("{FAE04EC0-301F-11D3-BF4B-00C04F79EFBC}") = "08.BeerKegs", "08.BeerKegs\08.BeerKegs.csproj", "{DC14EF37-3255-4DD3-A1AD-E02035FA53AC}"
EndProject
Project("{FAE04EC0-301F-11D3-BF4B-00C04F79EFBC}") = "09.SpiceMustFlow", "09.SpiceMustFlow\09.SpiceMustFlow.csproj", "{FF6DB759-26C6-49C1-AD3D-B1968A81B4AA}"
EndProject
Project("{FAE04EC0-301F-11D3-BF4B-00C04F79EFBC}") = "10.PokeMon", "10.PokeMon\10.PokeMon.csproj", "{F2FC5AD2-45FF-4000-A89F-0F4F886BA883}"
EndProject
Project("{FAE04EC0-301F-11D3-BF4B-00C04F79EFBC}") = "11.Snowballs", "11.Snowballs\11.Snowballs.csproj", "{FFFD4FF1-7E51-465C-BDEF-DDD6F66C09D2}"
EndProject
Project("{2150E333-8FDC-42A3-9474-1A3956D46DE8}") = "6 Data Types and Variables - More Exercise", "6 Data Types and Variables - More Exercise", "{96A4069A-5E48-42EB-BBB8-50473ECAEDCE}"
EndProject
Project("{FAE04EC0-301F-11D3-BF4B-00C04F79EFBC}") = "01.DataTypeFinder", "01.DataTypeFinder\01.DataTypeFinder.csproj", "{B5719350-93A2-4E36-BF02-475C2EE7C0EF}"
EndProject
Project("{FAE04EC0-301F-11D3-BF4B-00C04F79EFBC}") = "02.FromLeftToTheRight", "02.FromLeftToTheRight\02.FromLeftToTheRight.csproj", "{B649817E-B244-405C-8640-C2708C9839FF}"
EndProject
Project("{FAE04EC0-301F-11D3-BF4B-00C04F79EFBC}") = "01.DataTypeFinder2", "01.DataTypeFinder2\01.DataTypeFinder2.csproj", "{A4992313-8D1D-4E8D-A81C-119ACE83219D}"
EndProject
Project("{FAE04EC0-301F-11D3-BF4B-00C04F79EFBC}") = "01.DataTypeFinder3", "01.DataTypeFinder3\01.DataTypeFinder3.csproj", "{AC339A37-AAB1-4551-9420-ED01A9F0F117}"
EndProject
Global
	GlobalSection(SolutionConfigurationPlatforms) = preSolution
		Debug|Any CPU = Debug|Any CPU
		Release|Any CPU = Release|Any CPU
	EndGlobalSection
	GlobalSection(ProjectConfigurationPlatforms) = postSolution
		{F7329D5B-85A7-431B-94CF-7FE51EAB5C31}.Debug|Any CPU.ActiveCfg = Debug|Any CPU
		{F7329D5B-85A7-431B-94CF-7FE51EAB5C31}.Debug|Any CPU.Build.0 = Debug|Any CPU
		{F7329D5B-85A7-431B-94CF-7FE51EAB5C31}.Release|Any CPU.ActiveCfg = Release|Any CPU
		{F7329D5B-85A7-431B-94CF-7FE51EAB5C31}.Release|Any CPU.Build.0 = Release|Any CPU
		{FD9578CC-3598-4E95-B34C-0A1D498934C4}.Debug|Any CPU.ActiveCfg = Debug|Any CPU
		{FD9578CC-3598-4E95-B34C-0A1D498934C4}.Debug|Any CPU.Build.0 = Debug|Any CPU
		{FD9578CC-3598-4E95-B34C-0A1D498934C4}.Release|Any CPU.ActiveCfg = Release|Any CPU
		{FD9578CC-3598-4E95-B34C-0A1D498934C4}.Release|Any CPU.Build.0 = Release|Any CPU
		{23C7DBC7-6551-4FEE-B000-CE2CFE08AC0F}.Debug|Any CPU.ActiveCfg = Debug|Any CPU
		{23C7DBC7-6551-4FEE-B000-CE2CFE08AC0F}.Debug|Any CPU.Build.0 = Debug|Any CPU
		{23C7DBC7-6551-4FEE-B000-CE2CFE08AC0F}.Release|Any CPU.ActiveCfg = Release|Any CPU
		{23C7DBC7-6551-4FEE-B000-CE2CFE08AC0F}.Release|Any CPU.Build.0 = Release|Any CPU
		{B63D2994-2217-40EF-840A-FE7BF038F5DE}.Debug|Any CPU.ActiveCfg = Debug|Any CPU
		{B63D2994-2217-40EF-840A-FE7BF038F5DE}.Debug|Any CPU.Build.0 = Debug|Any CPU
		{B63D2994-2217-40EF-840A-FE7BF038F5DE}.Release|Any CPU.ActiveCfg = Release|Any CPU
		{B63D2994-2217-40EF-840A-FE7BF038F5DE}.Release|Any CPU.Build.0 = Release|Any CPU
		{5AA254AE-1DD8-47E9-AD8B-D502696CD992}.Debug|Any CPU.ActiveCfg = Debug|Any CPU
		{5AA254AE-1DD8-47E9-AD8B-D502696CD992}.Debug|Any CPU.Build.0 = Debug|Any CPU
		{5AA254AE-1DD8-47E9-AD8B-D502696CD992}.Release|Any CPU.ActiveCfg = Release|Any CPU
		{5AA254AE-1DD8-47E9-AD8B-D502696CD992}.Release|Any CPU.Build.0 = Release|Any CPU
		{C1B76608-C884-4169-B73B-9445B198F365}.Debug|Any CPU.ActiveCfg = Debug|Any CPU
		{C1B76608-C884-4169-B73B-9445B198F365}.Debug|Any CPU.Build.0 = Debug|Any CPU
		{C1B76608-C884-4169-B73B-9445B198F365}.Release|Any CPU.ActiveCfg = Release|Any CPU
		{C1B76608-C884-4169-B73B-9445B198F365}.Release|Any CPU.Build.0 = Release|Any CPU
		{72297F01-E591-4213-B491-8B477D071500}.Debug|Any CPU.ActiveCfg = Debug|Any CPU
		{72297F01-E591-4213-B491-8B477D071500}.Debug|Any CPU.Build.0 = Debug|Any CPU
		{72297F01-E591-4213-B491-8B477D071500}.Release|Any CPU.ActiveCfg = Release|Any CPU
		{72297F01-E591-4213-B491-8B477D071500}.Release|Any CPU.Build.0 = Release|Any CPU
		{D7955973-852B-44C2-A846-98CAA579A435}.Debug|Any CPU.ActiveCfg = Debug|Any CPU
		{D7955973-852B-44C2-A846-98CAA579A435}.Debug|Any CPU.Build.0 = Debug|Any CPU
		{D7955973-852B-44C2-A846-98CAA579A435}.Release|Any CPU.ActiveCfg = Release|Any CPU
		{D7955973-852B-44C2-A846-98CAA579A435}.Release|Any CPU.Build.0 = Release|Any CPU
		{7621674C-6AD9-4663-A122-1F71ECC545CB}.Debug|Any CPU.ActiveCfg = Debug|Any CPU
		{7621674C-6AD9-4663-A122-1F71ECC545CB}.Debug|Any CPU.Build.0 = Debug|Any CPU
		{7621674C-6AD9-4663-A122-1F71ECC545CB}.Release|Any CPU.ActiveCfg = Release|Any CPU
		{7621674C-6AD9-4663-A122-1F71ECC545CB}.Release|Any CPU.Build.0 = Release|Any CPU
		{03CE5A6F-347F-4DD0-8701-2A1B2D1E5E8C}.Debug|Any CPU.ActiveCfg = Debug|Any CPU
		{03CE5A6F-347F-4DD0-8701-2A1B2D1E5E8C}.Debug|Any CPU.Build.0 = Debug|Any CPU
		{03CE5A6F-347F-4DD0-8701-2A1B2D1E5E8C}.Release|Any CPU.ActiveCfg = Release|Any CPU
		{03CE5A6F-347F-4DD0-8701-2A1B2D1E5E8C}.Release|Any CPU.Build.0 = Release|Any CPU
		{A4EC8228-0A36-474C-9914-31697FC0BD39}.Debug|Any CPU.ActiveCfg = Debug|Any CPU
		{A4EC8228-0A36-474C-9914-31697FC0BD39}.Debug|Any CPU.Build.0 = Debug|Any CPU
		{A4EC8228-0A36-474C-9914-31697FC0BD39}.Release|Any CPU.ActiveCfg = Release|Any CPU
		{A4EC8228-0A36-474C-9914-31697FC0BD39}.Release|Any CPU.Build.0 = Release|Any CPU
		{58CD025E-0AE2-48E6-9E0A-20E4970B1579}.Debug|Any CPU.ActiveCfg = Debug|Any CPU
		{58CD025E-0AE2-48E6-9E0A-20E4970B1579}.Debug|Any CPU.Build.0 = Debug|Any CPU
		{58CD025E-0AE2-48E6-9E0A-20E4970B1579}.Release|Any CPU.ActiveCfg = Release|Any CPU
		{58CD025E-0AE2-48E6-9E0A-20E4970B1579}.Release|Any CPU.Build.0 = Release|Any CPU
		{0428C786-39EA-4315-B63F-A2DC6F1D3BC2}.Debug|Any CPU.ActiveCfg = Debug|Any CPU
		{0428C786-39EA-4315-B63F-A2DC6F1D3BC2}.Debug|Any CPU.Build.0 = Debug|Any CPU
		{0428C786-39EA-4315-B63F-A2DC6F1D3BC2}.Release|Any CPU.ActiveCfg = Release|Any CPU
		{0428C786-39EA-4315-B63F-A2DC6F1D3BC2}.Release|Any CPU.Build.0 = Release|Any CPU
		{C964E61A-31C4-4716-B681-76D68CFAC44E}.Debug|Any CPU.ActiveCfg = Debug|Any CPU
		{C964E61A-31C4-4716-B681-76D68CFAC44E}.Debug|Any CPU.Build.0 = Debug|Any CPU
		{C964E61A-31C4-4716-B681-76D68CFAC44E}.Release|Any CPU.ActiveCfg = Release|Any CPU
		{C964E61A-31C4-4716-B681-76D68CFAC44E}.Release|Any CPU.Build.0 = Release|Any CPU
		{D7ECA26F-9F2D-461C-9F3F-AEF420052F4D}.Debug|Any CPU.ActiveCfg = Debug|Any CPU
		{D7ECA26F-9F2D-461C-9F3F-AEF420052F4D}.Debug|Any CPU.Build.0 = Debug|Any CPU
		{D7ECA26F-9F2D-461C-9F3F-AEF420052F4D}.Release|Any CPU.ActiveCfg = Release|Any CPU
		{D7ECA26F-9F2D-461C-9F3F-AEF420052F4D}.Release|Any CPU.Build.0 = Release|Any CPU
		{5EAC6DA7-66BB-45EC-9D63-8C8764AC7463}.Debug|Any CPU.ActiveCfg = Debug|Any CPU
		{5EAC6DA7-66BB-45EC-9D63-8C8764AC7463}.Debug|Any CPU.Build.0 = Debug|Any CPU
		{5EAC6DA7-66BB-45EC-9D63-8C8764AC7463}.Release|Any CPU.ActiveCfg = Release|Any CPU
		{5EAC6DA7-66BB-45EC-9D63-8C8764AC7463}.Release|Any CPU.Build.0 = Release|Any CPU
		{D9AAF74A-07C0-48C1-87C1-BB11B602ABC0}.Debug|Any CPU.ActiveCfg = Debug|Any CPU
		{D9AAF74A-07C0-48C1-87C1-BB11B602ABC0}.Debug|Any CPU.Build.0 = Debug|Any CPU
		{D9AAF74A-07C0-48C1-87C1-BB11B602ABC0}.Release|Any CPU.ActiveCfg = Release|Any CPU
		{D9AAF74A-07C0-48C1-87C1-BB11B602ABC0}.Release|Any CPU.Build.0 = Release|Any CPU
		{D1886B6A-BCAE-455F-AFD3-7338921C4EBA}.Debug|Any CPU.ActiveCfg = Debug|Any CPU
		{D1886B6A-BCAE-455F-AFD3-7338921C4EBA}.Debug|Any CPU.Build.0 = Debug|Any CPU
		{D1886B6A-BCAE-455F-AFD3-7338921C4EBA}.Release|Any CPU.ActiveCfg = Release|Any CPU
		{D1886B6A-BCAE-455F-AFD3-7338921C4EBA}.Release|Any CPU.Build.0 = Release|Any CPU
		{0832D94B-D4F1-4689-832B-A0ED30650FC7}.Debug|Any CPU.ActiveCfg = Debug|Any CPU
		{0832D94B-D4F1-4689-832B-A0ED30650FC7}.Debug|Any CPU.Build.0 = Debug|Any CPU
		{0832D94B-D4F1-4689-832B-A0ED30650FC7}.Release|Any CPU.ActiveCfg = Release|Any CPU
		{0832D94B-D4F1-4689-832B-A0ED30650FC7}.Release|Any CPU.Build.0 = Release|Any CPU
		{F8FF7997-EDBF-46D9-B490-02A725D16184}.Debug|Any CPU.ActiveCfg = Debug|Any CPU
		{F8FF7997-EDBF-46D9-B490-02A725D16184}.Debug|Any CPU.Build.0 = Debug|Any CPU
		{F8FF7997-EDBF-46D9-B490-02A725D16184}.Release|Any CPU.ActiveCfg = Release|Any CPU
		{F8FF7997-EDBF-46D9-B490-02A725D16184}.Release|Any CPU.Build.0 = Release|Any CPU
		{84FDC00A-ED80-4B8B-B480-AEF44EA6E324}.Debug|Any CPU.ActiveCfg = Debug|Any CPU
		{84FDC00A-ED80-4B8B-B480-AEF44EA6E324}.Debug|Any CPU.Build.0 = Debug|Any CPU
		{84FDC00A-ED80-4B8B-B480-AEF44EA6E324}.Release|Any CPU.ActiveCfg = Release|Any CPU
		{84FDC00A-ED80-4B8B-B480-AEF44EA6E324}.Release|Any CPU.Build.0 = Release|Any CPU
		{9FB90059-4609-4313-8D22-2CC87DBFA2DD}.Debug|Any CPU.ActiveCfg = Debug|Any CPU
		{9FB90059-4609-4313-8D22-2CC87DBFA2DD}.Debug|Any CPU.Build.0 = Debug|Any CPU
		{9FB90059-4609-4313-8D22-2CC87DBFA2DD}.Release|Any CPU.ActiveCfg = Release|Any CPU
		{9FB90059-4609-4313-8D22-2CC87DBFA2DD}.Release|Any CPU.Build.0 = Release|Any CPU
		{25405897-4D1F-423F-899E-5611479E52CB}.Debug|Any CPU.ActiveCfg = Debug|Any CPU
		{25405897-4D1F-423F-899E-5611479E52CB}.Debug|Any CPU.Build.0 = Debug|Any CPU
		{25405897-4D1F-423F-899E-5611479E52CB}.Release|Any CPU.ActiveCfg = Release|Any CPU
		{25405897-4D1F-423F-899E-5611479E52CB}.Release|Any CPU.Build.0 = Release|Any CPU
		{4EF91F67-3CB9-4D66-9E04-ECD846EA5320}.Debug|Any CPU.ActiveCfg = Debug|Any CPU
		{4EF91F67-3CB9-4D66-9E04-ECD846EA5320}.Debug|Any CPU.Build.0 = Debug|Any CPU
		{4EF91F67-3CB9-4D66-9E04-ECD846EA5320}.Release|Any CPU.ActiveCfg = Release|Any CPU
		{4EF91F67-3CB9-4D66-9E04-ECD846EA5320}.Release|Any CPU.Build.0 = Release|Any CPU
		{D59B46D7-472F-4992-89BB-2D29EF167096}.Debug|Any CPU.ActiveCfg = Debug|Any CPU
		{D59B46D7-472F-4992-89BB-2D29EF167096}.Debug|Any CPU.Build.0 = Debug|Any CPU
		{D59B46D7-472F-4992-89BB-2D29EF167096}.Release|Any CPU.ActiveCfg = Release|Any CPU
		{D59B46D7-472F-4992-89BB-2D29EF167096}.Release|Any CPU.Build.0 = Release|Any CPU
		{35C43FD7-C7DB-48BF-85DF-FD3F03525AE2}.Debug|Any CPU.ActiveCfg = Debug|Any CPU
		{35C43FD7-C7DB-48BF-85DF-FD3F03525AE2}.Debug|Any CPU.Build.0 = Debug|Any CPU
		{35C43FD7-C7DB-48BF-85DF-FD3F03525AE2}.Release|Any CPU.ActiveCfg = Release|Any CPU
		{35C43FD7-C7DB-48BF-85DF-FD3F03525AE2}.Release|Any CPU.Build.0 = Release|Any CPU
		{92DCAA0C-31FC-4272-82B6-79AAE5532086}.Debug|Any CPU.ActiveCfg = Debug|Any CPU
		{92DCAA0C-31FC-4272-82B6-79AAE5532086}.Debug|Any CPU.Build.0 = Debug|Any CPU
		{92DCAA0C-31FC-4272-82B6-79AAE5532086}.Release|Any CPU.ActiveCfg = Release|Any CPU
		{92DCAA0C-31FC-4272-82B6-79AAE5532086}.Release|Any CPU.Build.0 = Release|Any CPU
		{72B8DE84-C77A-4767-A6E6-F93DED2B94FF}.Debug|Any CPU.ActiveCfg = Debug|Any CPU
		{72B8DE84-C77A-4767-A6E6-F93DED2B94FF}.Debug|Any CPU.Build.0 = Debug|Any CPU
		{72B8DE84-C77A-4767-A6E6-F93DED2B94FF}.Release|Any CPU.ActiveCfg = Release|Any CPU
		{72B8DE84-C77A-4767-A6E6-F93DED2B94FF}.Release|Any CPU.Build.0 = Release|Any CPU
		{017F56FF-BA46-40B0-903B-26592AF7326E}.Debug|Any CPU.ActiveCfg = Debug|Any CPU
		{017F56FF-BA46-40B0-903B-26592AF7326E}.Debug|Any CPU.Build.0 = Debug|Any CPU
		{017F56FF-BA46-40B0-903B-26592AF7326E}.Release|Any CPU.ActiveCfg = Release|Any CPU
		{017F56FF-BA46-40B0-903B-26592AF7326E}.Release|Any CPU.Build.0 = Release|Any CPU
		{5E3B6B0B-2937-4400-9184-8FA1C4A93BEF}.Debug|Any CPU.ActiveCfg = Debug|Any CPU
		{5E3B6B0B-2937-4400-9184-8FA1C4A93BEF}.Debug|Any CPU.Build.0 = Debug|Any CPU
		{5E3B6B0B-2937-4400-9184-8FA1C4A93BEF}.Release|Any CPU.ActiveCfg = Release|Any CPU
		{5E3B6B0B-2937-4400-9184-8FA1C4A93BEF}.Release|Any CPU.Build.0 = Release|Any CPU
		{F6D33587-6B0F-4CB2-9788-46502517787C}.Debug|Any CPU.ActiveCfg = Debug|Any CPU
		{F6D33587-6B0F-4CB2-9788-46502517787C}.Debug|Any CPU.Build.0 = Debug|Any CPU
		{F6D33587-6B0F-4CB2-9788-46502517787C}.Release|Any CPU.ActiveCfg = Release|Any CPU
		{F6D33587-6B0F-4CB2-9788-46502517787C}.Release|Any CPU.Build.0 = Release|Any CPU
		{55CB6AB0-7D9E-46E5-9C0A-B35D296A426B}.Debug|Any CPU.ActiveCfg = Debug|Any CPU
		{55CB6AB0-7D9E-46E5-9C0A-B35D296A426B}.Debug|Any CPU.Build.0 = Debug|Any CPU
		{55CB6AB0-7D9E-46E5-9C0A-B35D296A426B}.Release|Any CPU.ActiveCfg = Release|Any CPU
		{55CB6AB0-7D9E-46E5-9C0A-B35D296A426B}.Release|Any CPU.Build.0 = Release|Any CPU
		{A73C7A31-CE15-4CE5-94CF-3C61FD4EAFED}.Debug|Any CPU.ActiveCfg = Debug|Any CPU
		{A73C7A31-CE15-4CE5-94CF-3C61FD4EAFED}.Debug|Any CPU.Build.0 = Debug|Any CPU
		{A73C7A31-CE15-4CE5-94CF-3C61FD4EAFED}.Release|Any CPU.ActiveCfg = Release|Any CPU
		{A73C7A31-CE15-4CE5-94CF-3C61FD4EAFED}.Release|Any CPU.Build.0 = Release|Any CPU
		{B00E2216-A656-4B10-8185-53D83212EE4D}.Debug|Any CPU.ActiveCfg = Debug|Any CPU
		{B00E2216-A656-4B10-8185-53D83212EE4D}.Debug|Any CPU.Build.0 = Debug|Any CPU
		{B00E2216-A656-4B10-8185-53D83212EE4D}.Release|Any CPU.ActiveCfg = Release|Any CPU
		{B00E2216-A656-4B10-8185-53D83212EE4D}.Release|Any CPU.Build.0 = Release|Any CPU
		{01D99FB1-EF33-48A1-B40D-4C8C34CE324E}.Debug|Any CPU.ActiveCfg = Debug|Any CPU
		{01D99FB1-EF33-48A1-B40D-4C8C34CE324E}.Debug|Any CPU.Build.0 = Debug|Any CPU
		{01D99FB1-EF33-48A1-B40D-4C8C34CE324E}.Release|Any CPU.ActiveCfg = Release|Any CPU
		{01D99FB1-EF33-48A1-B40D-4C8C34CE324E}.Release|Any CPU.Build.0 = Release|Any CPU
		{04DA044C-5A0C-47DB-A243-81E5DD6FDB8E}.Debug|Any CPU.ActiveCfg = Debug|Any CPU
		{04DA044C-5A0C-47DB-A243-81E5DD6FDB8E}.Debug|Any CPU.Build.0 = Debug|Any CPU
		{04DA044C-5A0C-47DB-A243-81E5DD6FDB8E}.Release|Any CPU.ActiveCfg = Release|Any CPU
		{04DA044C-5A0C-47DB-A243-81E5DD6FDB8E}.Release|Any CPU.Build.0 = Release|Any CPU
		{66516F08-440E-4FF8-A5F7-0373D8F672D0}.Debug|Any CPU.ActiveCfg = Debug|Any CPU
		{66516F08-440E-4FF8-A5F7-0373D8F672D0}.Debug|Any CPU.Build.0 = Debug|Any CPU
		{66516F08-440E-4FF8-A5F7-0373D8F672D0}.Release|Any CPU.ActiveCfg = Release|Any CPU
		{66516F08-440E-4FF8-A5F7-0373D8F672D0}.Release|Any CPU.Build.0 = Release|Any CPU
		{61EE8493-556F-49E4-80A0-F0E239B20DD9}.Debug|Any CPU.ActiveCfg = Debug|Any CPU
		{61EE8493-556F-49E4-80A0-F0E239B20DD9}.Debug|Any CPU.Build.0 = Debug|Any CPU
		{61EE8493-556F-49E4-80A0-F0E239B20DD9}.Release|Any CPU.ActiveCfg = Release|Any CPU
		{61EE8493-556F-49E4-80A0-F0E239B20DD9}.Release|Any CPU.Build.0 = Release|Any CPU
		{8179A070-3B3F-4BCB-BD31-25E79B14BE17}.Debug|Any CPU.ActiveCfg = Debug|Any CPU
		{8179A070-3B3F-4BCB-BD31-25E79B14BE17}.Debug|Any CPU.Build.0 = Debug|Any CPU
		{8179A070-3B3F-4BCB-BD31-25E79B14BE17}.Release|Any CPU.ActiveCfg = Release|Any CPU
		{8179A070-3B3F-4BCB-BD31-25E79B14BE17}.Release|Any CPU.Build.0 = Release|Any CPU
		{4C10898E-111E-43EC-9982-0567E354B003}.Debug|Any CPU.ActiveCfg = Debug|Any CPU
		{4C10898E-111E-43EC-9982-0567E354B003}.Debug|Any CPU.Build.0 = Debug|Any CPU
		{4C10898E-111E-43EC-9982-0567E354B003}.Release|Any CPU.ActiveCfg = Release|Any CPU
		{4C10898E-111E-43EC-9982-0567E354B003}.Release|Any CPU.Build.0 = Release|Any CPU
		{458BE905-B0A4-48B1-ACD1-71C01FA338A6}.Debug|Any CPU.ActiveCfg = Debug|Any CPU
		{458BE905-B0A4-48B1-ACD1-71C01FA338A6}.Debug|Any CPU.Build.0 = Debug|Any CPU
		{458BE905-B0A4-48B1-ACD1-71C01FA338A6}.Release|Any CPU.ActiveCfg = Release|Any CPU
		{458BE905-B0A4-48B1-ACD1-71C01FA338A6}.Release|Any CPU.Build.0 = Release|Any CPU
		{D57D4B65-1070-4449-BF39-982A83DA7080}.Debug|Any CPU.ActiveCfg = Debug|Any CPU
		{D57D4B65-1070-4449-BF39-982A83DA7080}.Debug|Any CPU.Build.0 = Debug|Any CPU
		{D57D4B65-1070-4449-BF39-982A83DA7080}.Release|Any CPU.ActiveCfg = Release|Any CPU
		{D57D4B65-1070-4449-BF39-982A83DA7080}.Release|Any CPU.Build.0 = Release|Any CPU
		{23A770E3-A9BC-4020-8F4C-20447735BB1D}.Debug|Any CPU.ActiveCfg = Debug|Any CPU
		{23A770E3-A9BC-4020-8F4C-20447735BB1D}.Debug|Any CPU.Build.0 = Debug|Any CPU
		{23A770E3-A9BC-4020-8F4C-20447735BB1D}.Release|Any CPU.ActiveCfg = Release|Any CPU
		{23A770E3-A9BC-4020-8F4C-20447735BB1D}.Release|Any CPU.Build.0 = Release|Any CPU
		{CA883F2B-1DB0-4A50-A138-EF6BC0456253}.Debug|Any CPU.ActiveCfg = Debug|Any CPU
		{CA883F2B-1DB0-4A50-A138-EF6BC0456253}.Debug|Any CPU.Build.0 = Debug|Any CPU
		{CA883F2B-1DB0-4A50-A138-EF6BC0456253}.Release|Any CPU.ActiveCfg = Release|Any CPU
		{CA883F2B-1DB0-4A50-A138-EF6BC0456253}.Release|Any CPU.Build.0 = Release|Any CPU
		{D1140FB0-BDC9-4926-9CD1-15ECB52F1DE2}.Debug|Any CPU.ActiveCfg = Debug|Any CPU
		{D1140FB0-BDC9-4926-9CD1-15ECB52F1DE2}.Debug|Any CPU.Build.0 = Debug|Any CPU
		{D1140FB0-BDC9-4926-9CD1-15ECB52F1DE2}.Release|Any CPU.ActiveCfg = Release|Any CPU
		{D1140FB0-BDC9-4926-9CD1-15ECB52F1DE2}.Release|Any CPU.Build.0 = Release|Any CPU
		{2B171D71-FBB1-4EB3-9907-A2E59F75951C}.Debug|Any CPU.ActiveCfg = Debug|Any CPU
		{2B171D71-FBB1-4EB3-9907-A2E59F75951C}.Debug|Any CPU.Build.0 = Debug|Any CPU
		{2B171D71-FBB1-4EB3-9907-A2E59F75951C}.Release|Any CPU.ActiveCfg = Release|Any CPU
		{2B171D71-FBB1-4EB3-9907-A2E59F75951C}.Release|Any CPU.Build.0 = Release|Any CPU
		{21A8C46D-3599-4E11-801F-8A235155A5FD}.Debug|Any CPU.ActiveCfg = Debug|Any CPU
		{21A8C46D-3599-4E11-801F-8A235155A5FD}.Debug|Any CPU.Build.0 = Debug|Any CPU
		{21A8C46D-3599-4E11-801F-8A235155A5FD}.Release|Any CPU.ActiveCfg = Release|Any CPU
		{21A8C46D-3599-4E11-801F-8A235155A5FD}.Release|Any CPU.Build.0 = Release|Any CPU
		{55E804EC-9466-4DBB-9CA1-0DF3866BCA6F}.Debug|Any CPU.ActiveCfg = Debug|Any CPU
		{55E804EC-9466-4DBB-9CA1-0DF3866BCA6F}.Debug|Any CPU.Build.0 = Debug|Any CPU
		{55E804EC-9466-4DBB-9CA1-0DF3866BCA6F}.Release|Any CPU.ActiveCfg = Release|Any CPU
		{55E804EC-9466-4DBB-9CA1-0DF3866BCA6F}.Release|Any CPU.Build.0 = Release|Any CPU
		{451C26B8-ADCC-497A-8E45-899975D3F44F}.Debug|Any CPU.ActiveCfg = Debug|Any CPU
		{451C26B8-ADCC-497A-8E45-899975D3F44F}.Debug|Any CPU.Build.0 = Debug|Any CPU
		{451C26B8-ADCC-497A-8E45-899975D3F44F}.Release|Any CPU.ActiveCfg = Release|Any CPU
		{451C26B8-ADCC-497A-8E45-899975D3F44F}.Release|Any CPU.Build.0 = Release|Any CPU
		{7062623F-43A7-48FA-B58D-44F930CF5EB7}.Debug|Any CPU.ActiveCfg = Debug|Any CPU
		{7062623F-43A7-48FA-B58D-44F930CF5EB7}.Debug|Any CPU.Build.0 = Debug|Any CPU
		{7062623F-43A7-48FA-B58D-44F930CF5EB7}.Release|Any CPU.ActiveCfg = Release|Any CPU
		{7062623F-43A7-48FA-B58D-44F930CF5EB7}.Release|Any CPU.Build.0 = Release|Any CPU
		{1F12E5CE-619B-4125-9D9B-9472530C0903}.Debug|Any CPU.ActiveCfg = Debug|Any CPU
		{1F12E5CE-619B-4125-9D9B-9472530C0903}.Debug|Any CPU.Build.0 = Debug|Any CPU
		{1F12E5CE-619B-4125-9D9B-9472530C0903}.Release|Any CPU.ActiveCfg = Release|Any CPU
		{1F12E5CE-619B-4125-9D9B-9472530C0903}.Release|Any CPU.Build.0 = Release|Any CPU
		{DE32073E-95D7-4BFD-AF67-FDB104166CB0}.Debug|Any CPU.ActiveCfg = Debug|Any CPU
		{DE32073E-95D7-4BFD-AF67-FDB104166CB0}.Debug|Any CPU.Build.0 = Debug|Any CPU
		{DE32073E-95D7-4BFD-AF67-FDB104166CB0}.Release|Any CPU.ActiveCfg = Release|Any CPU
		{DE32073E-95D7-4BFD-AF67-FDB104166CB0}.Release|Any CPU.Build.0 = Release|Any CPU
		{D11B73B6-C731-449E-84DB-49B2E38116FB}.Debug|Any CPU.ActiveCfg = Debug|Any CPU
		{D11B73B6-C731-449E-84DB-49B2E38116FB}.Debug|Any CPU.Build.0 = Debug|Any CPU
		{D11B73B6-C731-449E-84DB-49B2E38116FB}.Release|Any CPU.ActiveCfg = Release|Any CPU
		{D11B73B6-C731-449E-84DB-49B2E38116FB}.Release|Any CPU.Build.0 = Release|Any CPU
		{FFF7E3CB-BD04-4E4F-A7B3-C1FC5B0CF9A1}.Debug|Any CPU.ActiveCfg = Debug|Any CPU
		{FFF7E3CB-BD04-4E4F-A7B3-C1FC5B0CF9A1}.Debug|Any CPU.Build.0 = Debug|Any CPU
		{FFF7E3CB-BD04-4E4F-A7B3-C1FC5B0CF9A1}.Release|Any CPU.ActiveCfg = Release|Any CPU
		{FFF7E3CB-BD04-4E4F-A7B3-C1FC5B0CF9A1}.Release|Any CPU.Build.0 = Release|Any CPU
		{AF2EEEBD-8644-416C-B282-3AA7BD3DA3AD}.Debug|Any CPU.ActiveCfg = Debug|Any CPU
		{AF2EEEBD-8644-416C-B282-3AA7BD3DA3AD}.Debug|Any CPU.Build.0 = Debug|Any CPU
		{AF2EEEBD-8644-416C-B282-3AA7BD3DA3AD}.Release|Any CPU.ActiveCfg = Release|Any CPU
		{AF2EEEBD-8644-416C-B282-3AA7BD3DA3AD}.Release|Any CPU.Build.0 = Release|Any CPU
		{2F637D38-E6AF-428A-8945-E3237958D09E}.Debug|Any CPU.ActiveCfg = Debug|Any CPU
		{2F637D38-E6AF-428A-8945-E3237958D09E}.Debug|Any CPU.Build.0 = Debug|Any CPU
		{2F637D38-E6AF-428A-8945-E3237958D09E}.Release|Any CPU.ActiveCfg = Release|Any CPU
		{2F637D38-E6AF-428A-8945-E3237958D09E}.Release|Any CPU.Build.0 = Release|Any CPU
		{EED56D95-806F-495C-9A4E-2EA832B726B7}.Debug|Any CPU.ActiveCfg = Debug|Any CPU
		{EED56D95-806F-495C-9A4E-2EA832B726B7}.Debug|Any CPU.Build.0 = Debug|Any CPU
		{EED56D95-806F-495C-9A4E-2EA832B726B7}.Release|Any CPU.ActiveCfg = Release|Any CPU
		{EED56D95-806F-495C-9A4E-2EA832B726B7}.Release|Any CPU.Build.0 = Release|Any CPU
		{CB9FCD4E-6026-4474-AB61-E5BAE5D7CD01}.Debug|Any CPU.ActiveCfg = Debug|Any CPU
		{CB9FCD4E-6026-4474-AB61-E5BAE5D7CD01}.Debug|Any CPU.Build.0 = Debug|Any CPU
		{CB9FCD4E-6026-4474-AB61-E5BAE5D7CD01}.Release|Any CPU.ActiveCfg = Release|Any CPU
		{CB9FCD4E-6026-4474-AB61-E5BAE5D7CD01}.Release|Any CPU.Build.0 = Release|Any CPU
		{D6F59E2C-812C-4364-A0EA-E6DB471A00F3}.Debug|Any CPU.ActiveCfg = Debug|Any CPU
		{D6F59E2C-812C-4364-A0EA-E6DB471A00F3}.Debug|Any CPU.Build.0 = Debug|Any CPU
		{D6F59E2C-812C-4364-A0EA-E6DB471A00F3}.Release|Any CPU.ActiveCfg = Release|Any CPU
		{D6F59E2C-812C-4364-A0EA-E6DB471A00F3}.Release|Any CPU.Build.0 = Release|Any CPU
		{DC14EF37-3255-4DD3-A1AD-E02035FA53AC}.Debug|Any CPU.ActiveCfg = Debug|Any CPU
		{DC14EF37-3255-4DD3-A1AD-E02035FA53AC}.Debug|Any CPU.Build.0 = Debug|Any CPU
		{DC14EF37-3255-4DD3-A1AD-E02035FA53AC}.Release|Any CPU.ActiveCfg = Release|Any CPU
		{DC14EF37-3255-4DD3-A1AD-E02035FA53AC}.Release|Any CPU.Build.0 = Release|Any CPU
		{FF6DB759-26C6-49C1-AD3D-B1968A81B4AA}.Debug|Any CPU.ActiveCfg = Debug|Any CPU
		{FF6DB759-26C6-49C1-AD3D-B1968A81B4AA}.Debug|Any CPU.Build.0 = Debug|Any CPU
		{FF6DB759-26C6-49C1-AD3D-B1968A81B4AA}.Release|Any CPU.ActiveCfg = Release|Any CPU
		{FF6DB759-26C6-49C1-AD3D-B1968A81B4AA}.Release|Any CPU.Build.0 = Release|Any CPU
		{F2FC5AD2-45FF-4000-A89F-0F4F886BA883}.Debug|Any CPU.ActiveCfg = Debug|Any CPU
		{F2FC5AD2-45FF-4000-A89F-0F4F886BA883}.Debug|Any CPU.Build.0 = Debug|Any CPU
		{F2FC5AD2-45FF-4000-A89F-0F4F886BA883}.Release|Any CPU.ActiveCfg = Release|Any CPU
		{F2FC5AD2-45FF-4000-A89F-0F4F886BA883}.Release|Any CPU.Build.0 = Release|Any CPU
		{FFFD4FF1-7E51-465C-BDEF-DDD6F66C09D2}.Debug|Any CPU.ActiveCfg = Debug|Any CPU
		{FFFD4FF1-7E51-465C-BDEF-DDD6F66C09D2}.Debug|Any CPU.Build.0 = Debug|Any CPU
		{FFFD4FF1-7E51-465C-BDEF-DDD6F66C09D2}.Release|Any CPU.ActiveCfg = Release|Any CPU
		{FFFD4FF1-7E51-465C-BDEF-DDD6F66C09D2}.Release|Any CPU.Build.0 = Release|Any CPU
		{B5719350-93A2-4E36-BF02-475C2EE7C0EF}.Debug|Any CPU.ActiveCfg = Debug|Any CPU
		{B5719350-93A2-4E36-BF02-475C2EE7C0EF}.Debug|Any CPU.Build.0 = Debug|Any CPU
		{B5719350-93A2-4E36-BF02-475C2EE7C0EF}.Release|Any CPU.ActiveCfg = Release|Any CPU
		{B5719350-93A2-4E36-BF02-475C2EE7C0EF}.Release|Any CPU.Build.0 = Release|Any CPU
		{B649817E-B244-405C-8640-C2708C9839FF}.Debug|Any CPU.ActiveCfg = Debug|Any CPU
		{B649817E-B244-405C-8640-C2708C9839FF}.Debug|Any CPU.Build.0 = Debug|Any CPU
		{B649817E-B244-405C-8640-C2708C9839FF}.Release|Any CPU.ActiveCfg = Release|Any CPU
		{B649817E-B244-405C-8640-C2708C9839FF}.Release|Any CPU.Build.0 = Release|Any CPU
		{A4992313-8D1D-4E8D-A81C-119ACE83219D}.Debug|Any CPU.ActiveCfg = Debug|Any CPU
		{A4992313-8D1D-4E8D-A81C-119ACE83219D}.Debug|Any CPU.Build.0 = Debug|Any CPU
		{A4992313-8D1D-4E8D-A81C-119ACE83219D}.Release|Any CPU.ActiveCfg = Release|Any CPU
		{A4992313-8D1D-4E8D-A81C-119ACE83219D}.Release|Any CPU.Build.0 = Release|Any CPU
		{AC339A37-AAB1-4551-9420-ED01A9F0F117}.Debug|Any CPU.ActiveCfg = Debug|Any CPU
		{AC339A37-AAB1-4551-9420-ED01A9F0F117}.Debug|Any CPU.Build.0 = Debug|Any CPU
		{AC339A37-AAB1-4551-9420-ED01A9F0F117}.Release|Any CPU.ActiveCfg = Release|Any CPU
		{AC339A37-AAB1-4551-9420-ED01A9F0F117}.Release|Any CPU.Build.0 = Release|Any CPU
	EndGlobalSection
	GlobalSection(SolutionProperties) = preSolution
		HideSolutionNode = FALSE
	EndGlobalSection
	GlobalSection(NestedProjects) = preSolution
		{F7329D5B-85A7-431B-94CF-7FE51EAB5C31} = {3F85CCFF-718E-462A-972E-91B048A8774B}
		{FD9578CC-3598-4E95-B34C-0A1D498934C4} = {3F85CCFF-718E-462A-972E-91B048A8774B}
		{23C7DBC7-6551-4FEE-B000-CE2CFE08AC0F} = {3F85CCFF-718E-462A-972E-91B048A8774B}
		{B63D2994-2217-40EF-840A-FE7BF038F5DE} = {3F85CCFF-718E-462A-972E-91B048A8774B}
		{5AA254AE-1DD8-47E9-AD8B-D502696CD992} = {3F85CCFF-718E-462A-972E-91B048A8774B}
		{C1B76608-C884-4169-B73B-9445B198F365} = {3F85CCFF-718E-462A-972E-91B048A8774B}
		{72297F01-E591-4213-B491-8B477D071500} = {3F85CCFF-718E-462A-972E-91B048A8774B}
		{D7955973-852B-44C2-A846-98CAA579A435} = {3F85CCFF-718E-462A-972E-91B048A8774B}
		{7621674C-6AD9-4663-A122-1F71ECC545CB} = {3F85CCFF-718E-462A-972E-91B048A8774B}
		{03CE5A6F-347F-4DD0-8701-2A1B2D1E5E8C} = {3F85CCFF-718E-462A-972E-91B048A8774B}
		{A4EC8228-0A36-474C-9914-31697FC0BD39} = {3F85CCFF-718E-462A-972E-91B048A8774B}
		{58CD025E-0AE2-48E6-9E0A-20E4970B1579} = {3F85CCFF-718E-462A-972E-91B048A8774B}
		{0428C786-39EA-4315-B63F-A2DC6F1D3BC2} = {3F85CCFF-718E-462A-972E-91B048A8774B}
		{C964E61A-31C4-4716-B681-76D68CFAC44E} = {3F85CCFF-718E-462A-972E-91B048A8774B}
		{D7ECA26F-9F2D-461C-9F3F-AEF420052F4D} = {3F85CCFF-718E-462A-972E-91B048A8774B}
		{5EAC6DA7-66BB-45EC-9D63-8C8764AC7463} = {3F85CCFF-718E-462A-972E-91B048A8774B}
		{D9AAF74A-07C0-48C1-87C1-BB11B602ABC0} = {19A77756-B928-41D6-9532-EF2CCB022137}
		{D1886B6A-BCAE-455F-AFD3-7338921C4EBA} = {19A77756-B928-41D6-9532-EF2CCB022137}
		{0832D94B-D4F1-4689-832B-A0ED30650FC7} = {19A77756-B928-41D6-9532-EF2CCB022137}
		{F8FF7997-EDBF-46D9-B490-02A725D16184} = {19A77756-B928-41D6-9532-EF2CCB022137}
		{84FDC00A-ED80-4B8B-B480-AEF44EA6E324} = {19A77756-B928-41D6-9532-EF2CCB022137}
		{9FB90059-4609-4313-8D22-2CC87DBFA2DD} = {19A77756-B928-41D6-9532-EF2CCB022137}
		{25405897-4D1F-423F-899E-5611479E52CB} = {19A77756-B928-41D6-9532-EF2CCB022137}
		{4EF91F67-3CB9-4D66-9E04-ECD846EA5320} = {19A77756-B928-41D6-9532-EF2CCB022137}
		{D59B46D7-472F-4992-89BB-2D29EF167096} = {19A77756-B928-41D6-9532-EF2CCB022137}
		{35C43FD7-C7DB-48BF-85DF-FD3F03525AE2} = {19A77756-B928-41D6-9532-EF2CCB022137}
		{92DCAA0C-31FC-4272-82B6-79AAE5532086} = {19A77756-B928-41D6-9532-EF2CCB022137}
		{72B8DE84-C77A-4767-A6E6-F93DED2B94FF} = {19A77756-B928-41D6-9532-EF2CCB022137}
		{017F56FF-BA46-40B0-903B-26592AF7326E} = {11B6F316-CF34-4F37-A27C-15AE6B211E0B}
		{5E3B6B0B-2937-4400-9184-8FA1C4A93BEF} = {11B6F316-CF34-4F37-A27C-15AE6B211E0B}
		{F6D33587-6B0F-4CB2-9788-46502517787C} = {11B6F316-CF34-4F37-A27C-15AE6B211E0B}
		{55CB6AB0-7D9E-46E5-9C0A-B35D296A426B} = {11B6F316-CF34-4F37-A27C-15AE6B211E0B}
		{A73C7A31-CE15-4CE5-94CF-3C61FD4EAFED} = {11B6F316-CF34-4F37-A27C-15AE6B211E0B}
		{B00E2216-A656-4B10-8185-53D83212EE4D} = {11B6F316-CF34-4F37-A27C-15AE6B211E0B}
		{01D99FB1-EF33-48A1-B40D-4C8C34CE324E} = {11B6F316-CF34-4F37-A27C-15AE6B211E0B}
		{04DA044C-5A0C-47DB-A243-81E5DD6FDB8E} = {8F2E78E2-2A69-4078-B1D6-52084CA85171}
		{66516F08-440E-4FF8-A5F7-0373D8F672D0} = {8F2E78E2-2A69-4078-B1D6-52084CA85171}
		{61EE8493-556F-49E4-80A0-F0E239B20DD9} = {8F2E78E2-2A69-4078-B1D6-52084CA85171}
		{8179A070-3B3F-4BCB-BD31-25E79B14BE17} = {8F2E78E2-2A69-4078-B1D6-52084CA85171}
		{4C10898E-111E-43EC-9982-0567E354B003} = {8F2E78E2-2A69-4078-B1D6-52084CA85171}
		{458BE905-B0A4-48B1-ACD1-71C01FA338A6} = {8F2E78E2-2A69-4078-B1D6-52084CA85171}
		{D57D4B65-1070-4449-BF39-982A83DA7080} = {8F2E78E2-2A69-4078-B1D6-52084CA85171}
		{23A770E3-A9BC-4020-8F4C-20447735BB1D} = {8F2E78E2-2A69-4078-B1D6-52084CA85171}
		{CA883F2B-1DB0-4A50-A138-EF6BC0456253} = {8F2E78E2-2A69-4078-B1D6-52084CA85171}
		{D1140FB0-BDC9-4926-9CD1-15ECB52F1DE2} = {8F2E78E2-2A69-4078-B1D6-52084CA85171}
		{2B171D71-FBB1-4EB3-9907-A2E59F75951C} = {8F2E78E2-2A69-4078-B1D6-52084CA85171}
		{21A8C46D-3599-4E11-801F-8A235155A5FD} = {8F2E78E2-2A69-4078-B1D6-52084CA85171}
		{55E804EC-9466-4DBB-9CA1-0DF3866BCA6F} = {8F2E78E2-2A69-4078-B1D6-52084CA85171}
		{451C26B8-ADCC-497A-8E45-899975D3F44F} = {8F2E78E2-2A69-4078-B1D6-52084CA85171}
		{7062623F-43A7-48FA-B58D-44F930CF5EB7} = {8F2E78E2-2A69-4078-B1D6-52084CA85171}
		{1F12E5CE-619B-4125-9D9B-9472530C0903} = {945C7CD5-C246-419F-9CD0-ECA49AE8A8B0}
		{DE32073E-95D7-4BFD-AF67-FDB104166CB0} = {945C7CD5-C246-419F-9CD0-ECA49AE8A8B0}
		{D11B73B6-C731-449E-84DB-49B2E38116FB} = {945C7CD5-C246-419F-9CD0-ECA49AE8A8B0}
		{FFF7E3CB-BD04-4E4F-A7B3-C1FC5B0CF9A1} = {945C7CD5-C246-419F-9CD0-ECA49AE8A8B0}
		{AF2EEEBD-8644-416C-B282-3AA7BD3DA3AD} = {945C7CD5-C246-419F-9CD0-ECA49AE8A8B0}
		{2F637D38-E6AF-428A-8945-E3237958D09E} = {945C7CD5-C246-419F-9CD0-ECA49AE8A8B0}
		{EED56D95-806F-495C-9A4E-2EA832B726B7} = {945C7CD5-C246-419F-9CD0-ECA49AE8A8B0}
		{CB9FCD4E-6026-4474-AB61-E5BAE5D7CD01} = {945C7CD5-C246-419F-9CD0-ECA49AE8A8B0}
		{D6F59E2C-812C-4364-A0EA-E6DB471A00F3} = {945C7CD5-C246-419F-9CD0-ECA49AE8A8B0}
		{DC14EF37-3255-4DD3-A1AD-E02035FA53AC} = {945C7CD5-C246-419F-9CD0-ECA49AE8A8B0}
		{FF6DB759-26C6-49C1-AD3D-B1968A81B4AA} = {945C7CD5-C246-419F-9CD0-ECA49AE8A8B0}
		{F2FC5AD2-45FF-4000-A89F-0F4F886BA883} = {945C7CD5-C246-419F-9CD0-ECA49AE8A8B0}
		{FFFD4FF1-7E51-465C-BDEF-DDD6F66C09D2} = {945C7CD5-C246-419F-9CD0-ECA49AE8A8B0}
		{B5719350-93A2-4E36-BF02-475C2EE7C0EF} = {96A4069A-5E48-42EB-BBB8-50473ECAEDCE}
		{B649817E-B244-405C-8640-C2708C9839FF} = {96A4069A-5E48-42EB-BBB8-50473ECAEDCE}
		{A4992313-8D1D-4E8D-A81C-119ACE83219D} = {96A4069A-5E48-42EB-BBB8-50473ECAEDCE}
		{AC339A37-AAB1-4551-9420-ED01A9F0F117} = {96A4069A-5E48-42EB-BBB8-50473ECAEDCE}
	EndGlobalSection
	GlobalSection(ExtensibilityGlobals) = postSolution
		SolutionGuid = {F4CA4AC4-3C2F-4739-B58A-1ABBDE4D3BC7}
	EndGlobalSection
EndGlobal
